
Microsoft Visual Studio Solution File, Format Version 12.00
# Visual Studio Version 16
VisualStudioVersion = 16.0.30225.117
MinimumVisualStudioVersion = 10.0.40219.1
Project("{FAE04EC0-301F-11D3-BF4B-00C04F79EFBC}") = "graph-tutorial", "graph-tutorial.csproj", "{F1A80A35-555D-4564-903D-01484EC4213C}"
EndProject
Global
	GlobalSection(SolutionConfigurationPlatforms) = preSolution
		Debug|Any CPU = Debug|Any CPU
		Release|Any CPU = Release|Any CPU
	EndGlobalSection
	GlobalSection(ProjectConfigurationPlatforms) = postSolution
		{F1A80A35-555D-4564-903D-01484EC4213C}.Debug|Any CPU.ActiveCfg = Debug|Any CPU
		{F1A80A35-555D-4564-903D-01484EC4213C}.Debug|Any CPU.Build.0 = Debug|Any CPU
		{F1A80A35-555D-4564-903D-01484EC4213C}.Release|Any CPU.ActiveCfg = Release|Any CPU
		{F1A80A35-555D-4564-903D-01484EC4213C}.Release|Any CPU.Build.0 = Release|Any CPU
	EndGlobalSection
	GlobalSection(SolutionProperties) = preSolution
		HideSolutionNode = FALSE
	EndGlobalSection
	GlobalSection(ExtensibilityGlobals) = postSolution
		SolutionGuid = {6840C498-9025-4E65-8755-A0F3DB8CEEFC}
	EndGlobalSection
EndGlobal
